
Microsoft Visual Studio Solution File, Format Version 12.00
# Visual Studio Version 17
VisualStudioVersion = 17.7.34031.279
MinimumVisualStudioVersion = 10.0.40219.1
Project("{FAE04EC0-301F-11D3-BF4B-00C04F79EFBC}") = "H2-Threading-opg-0", "H2-Threading-opg-0\H2-Threading-opg-0.csproj", "{EEA4D211-22D4-4595-A8F8-CFF6D13B4F63}"
EndProject
Global
	GlobalSection(SolutionConfigurationPlatforms) = preSolution
		Debug|Any CPU = Debug|Any CPU
		Release|Any CPU = Release|Any CPU
	EndGlobalSection
	GlobalSection(ProjectConfigurationPlatforms) = postSolution
		{EEA4D211-22D4-4595-A8F8-CFF6D13B4F63}.Debug|Any CPU.ActiveCfg = Debug|Any CPU
		{EEA4D211-22D4-4595-A8F8-CFF6D13B4F63}.Debug|Any CPU.Build.0 = Debug|Any CPU
		{EEA4D211-22D4-4595-A8F8-CFF6D13B4F63}.Release|Any CPU.ActiveCfg = Release|Any CPU
		{EEA4D211-22D4-4595-A8F8-CFF6D13B4F63}.Release|Any CPU.Build.0 = Release|Any CPU
	EndGlobalSection
	GlobalSection(SolutionProperties) = preSolution
		HideSolutionNode = FALSE
	EndGlobalSection
	GlobalSection(ExtensibilityGlobals) = postSolution
		SolutionGuid = {E7991395-0DAD-4D91-B1FA-F209432D1996}
	EndGlobalSection
EndGlobal
